
Microsoft Visual Studio Solution File, Format Version 12.00
# Visual Studio Version 17
VisualStudioVersion = 17.14.36414.22 d17.14
MinimumVisualStudioVersion = 10.0.40219.1
Project("{FAE04EC0-301F-11D3-BF4B-00C04F79EFBC}") = "TretjaVaja", "TretjaVaja\TretjaVaja.csproj", "{A9953979-F85F-4B28-B05A-A33BE608D48E}"
EndProject
Global
	GlobalSection(SolutionConfigurationPlatforms) = preSolution
		Debug|Any CPU = Debug|Any CPU
		Release|Any CPU = Release|Any CPU
	EndGlobalSection
	GlobalSection(ProjectConfigurationPlatforms) = postSolution
		{A9953979-F85F-4B28-B05A-A33BE608D48E}.Debug|Any CPU.ActiveCfg = Debug|Any CPU
		{A9953979-F85F-4B28-B05A-A33BE608D48E}.Debug|Any CPU.Build.0 = Debug|Any CPU
		{A9953979-F85F-4B28-B05A-A33BE608D48E}.Release|Any CPU.ActiveCfg = Release|Any CPU
		{A9953979-F85F-4B28-B05A-A33BE608D48E}.Release|Any CPU.Build.0 = Release|Any CPU
	EndGlobalSection
	GlobalSection(SolutionProperties) = preSolution
		HideSolutionNode = FALSE
	EndGlobalSection
	GlobalSection(ExtensibilityGlobals) = postSolution
		SolutionGuid = {6BE66565-2651-404D-BE9B-20697356F2AC}
	EndGlobalSection
EndGlobal
